
Microsoft Visual Studio Solution File, Format Version 12.00
Project("{FAE04EC0-301F-11D3-BF4B-00C04F79EFBC}") = "СalorieСalculation.App", "СalorieСalculation.App\СalorieСalculation.App.csproj", "{1F45CDBA-004F-4437-AA4A-9514A3847BFC}"
EndProject
Global
	GlobalSection(SolutionConfigurationPlatforms) = preSolution
		Debug|Any CPU = Debug|Any CPU
		Release|Any CPU = Release|Any CPU
	EndGlobalSection
	GlobalSection(ProjectConfigurationPlatforms) = postSolution
		{1F45CDBA-004F-4437-AA4A-9514A3847BFC}.Debug|Any CPU.ActiveCfg = Debug|Any CPU
		{1F45CDBA-004F-4437-AA4A-9514A3847BFC}.Debug|Any CPU.Build.0 = Debug|Any CPU
		{1F45CDBA-004F-4437-AA4A-9514A3847BFC}.Release|Any CPU.ActiveCfg = Release|Any CPU
		{1F45CDBA-004F-4437-AA4A-9514A3847BFC}.Release|Any CPU.Build.0 = Release|Any CPU
	EndGlobalSection
EndGlobal
